
Microsoft Visual Studio Solution File, Format Version 12.00
# Visual Studio 14
VisualStudioVersion = 14.0.23107.0
MinimumVisualStudioVersion = 10.0.40219.1
Project("{FAE04EC0-301F-11D3-BF4B-00C04F79EFBC}") = "Client", "Client\Client.csproj", "{D5F70D73-B7A9-4E32-BEEE-55FF5123735D}"
EndProject
Project("{FAE04EC0-301F-11D3-BF4B-00C04F79EFBC}") = "Server", "Server\Server.csproj", "{90286AF0-B6B4-4419-9B2B-12C7DC4F3626}"
EndProject
Project("{FAE04EC0-301F-11D3-BF4B-00C04F79EFBC}") = "Messages", "Messages\Messages.csproj", "{649AB217-A739-46CF-AA48-FE7F1BA5E06A}"
EndProject
Project("{FAE04EC0-301F-11D3-BF4B-00C04F79EFBC}") = "Framework", "Framework\Framework.csproj", "{4EA3C299-13F7-4270-9681-3D363E401929}"
EndProject
Global
	GlobalSection(SolutionConfigurationPlatforms) = preSolution
		Debug|Any CPU = Debug|Any CPU
		Release|Any CPU = Release|Any CPU
	EndGlobalSection
	GlobalSection(ProjectConfigurationPlatforms) = postSolution
		{D5F70D73-B7A9-4E32-BEEE-55FF5123735D}.Debug|Any CPU.ActiveCfg = Debug|Any CPU
		{D5F70D73-B7A9-4E32-BEEE-55FF5123735D}.Debug|Any CPU.Build.0 = Debug|Any CPU
		{D5F70D73-B7A9-4E32-BEEE-55FF5123735D}.Release|Any CPU.ActiveCfg = Release|Any CPU
		{D5F70D73-B7A9-4E32-BEEE-55FF5123735D}.Release|Any CPU.Build.0 = Release|Any CPU
		{90286AF0-B6B4-4419-9B2B-12C7DC4F3626}.Debug|Any CPU.ActiveCfg = Debug|Any CPU
		{90286AF0-B6B4-4419-9B2B-12C7DC4F3626}.Debug|Any CPU.Build.0 = Debug|Any CPU
		{90286AF0-B6B4-4419-9B2B-12C7DC4F3626}.Release|Any CPU.ActiveCfg = Release|Any CPU
		{90286AF0-B6B4-4419-9B2B-12C7DC4F3626}.Release|Any CPU.Build.0 = Release|Any CPU
		{649AB217-A739-46CF-AA48-FE7F1BA5E06A}.Debug|Any CPU.ActiveCfg = Debug|Any CPU
		{649AB217-A739-46CF-AA48-FE7F1BA5E06A}.Debug|Any CPU.Build.0 = Debug|Any CPU
		{649AB217-A739-46CF-AA48-FE7F1BA5E06A}.Release|Any CPU.ActiveCfg = Release|Any CPU
		{649AB217-A739-46CF-AA48-FE7F1BA5E06A}.Release|Any CPU.Build.0 = Release|Any CPU
		{4EA3C299-13F7-4270-9681-3D363E401929}.Debug|Any CPU.ActiveCfg = Debug|Any CPU
		{4EA3C299-13F7-4270-9681-3D363E401929}.Debug|Any CPU.Build.0 = Debug|Any CPU
		{4EA3C299-13F7-4270-9681-3D363E401929}.Release|Any CPU.ActiveCfg = Release|Any CPU
		{4EA3C299-13F7-4270-9681-3D363E401929}.Release|Any CPU.Build.0 = Release|Any CPU
	EndGlobalSection
	GlobalSection(SolutionProperties) = preSolution
		HideSolutionNode = FALSE
	EndGlobalSection
EndGlobal
